
Microsoft Visual Studio Solution File, Format Version 12.00
# Visual Studio Version 17
VisualStudioVersion = 17.0.31919.166
MinimumVisualStudioVersion = 10.0.40219.1
Project("{FAE04EC0-301F-11D3-BF4B-00C04F79EFBC}") = "2048GameWinForms", "2048GameWinForms\2048GameWinForms.csproj", "{54DEC4EE-355A-415C-9521-F2FC6993C14C}"
EndProject
Global
	GlobalSection(SolutionConfigurationPlatforms) = preSolution
		Debug|Any CPU = Debug|Any CPU
		Release|Any CPU = Release|Any CPU
	EndGlobalSection
	GlobalSection(ProjectConfigurationPlatforms) = postSolution
		{54DEC4EE-355A-415C-9521-F2FC6993C14C}.Debug|Any CPU.ActiveCfg = Debug|Any CPU
		{54DEC4EE-355A-415C-9521-F2FC6993C14C}.Debug|Any CPU.Build.0 = Debug|Any CPU
		{54DEC4EE-355A-415C-9521-F2FC6993C14C}.Release|Any CPU.ActiveCfg = Release|Any CPU
		{54DEC4EE-355A-415C-9521-F2FC6993C14C}.Release|Any CPU.Build.0 = Release|Any CPU
	EndGlobalSection
	GlobalSection(SolutionProperties) = preSolution
		HideSolutionNode = FALSE
	EndGlobalSection
	GlobalSection(ExtensibilityGlobals) = postSolution
		SolutionGuid = {E32CC8EC-7E78-4994-9DB6-C1FB5B9443FC}
	EndGlobalSection
EndGlobal
